
Microsoft Visual Studio Solution File, Format Version 12.00
# Visual Studio Version 17
VisualStudioVersion = 17.5.33414.496
MinimumVisualStudioVersion = 10.0.40219.1
Project("{9A19103F-16F7-4668-BE54-9A1E7A4F7556}") = "DeliveryService", "DeliveryService\DeliveryService.csproj", "{9ECF2240-DE70-48C2-9AC8-079D54E0C1BA}"
EndProject
Project("{FAE04EC0-301F-11D3-BF4B-00C04F79EFBC}") = "FrontendAuthentication", "FrontendAuthentication\FrontendAuthentication.csproj", "{C08C0A7D-24B3-4667-B0F2-B42FDBA12040}"
EndProject
Global
	GlobalSection(SolutionConfigurationPlatforms) = preSolution
		Debug|Any CPU = Debug|Any CPU
		Release|Any CPU = Release|Any CPU
	EndGlobalSection
	GlobalSection(ProjectConfigurationPlatforms) = postSolution
		{9ECF2240-DE70-48C2-9AC8-079D54E0C1BA}.Debug|Any CPU.ActiveCfg = Debug|Any CPU
		{9ECF2240-DE70-48C2-9AC8-079D54E0C1BA}.Debug|Any CPU.Build.0 = Debug|Any CPU
		{9ECF2240-DE70-48C2-9AC8-079D54E0C1BA}.Release|Any CPU.ActiveCfg = Release|Any CPU
		{9ECF2240-DE70-48C2-9AC8-079D54E0C1BA}.Release|Any CPU.Build.0 = Release|Any CPU
		{C08C0A7D-24B3-4667-B0F2-B42FDBA12040}.Debug|Any CPU.ActiveCfg = Debug|Any CPU
		{C08C0A7D-24B3-4667-B0F2-B42FDBA12040}.Debug|Any CPU.Build.0 = Debug|Any CPU
		{C08C0A7D-24B3-4667-B0F2-B42FDBA12040}.Release|Any CPU.ActiveCfg = Release|Any CPU
		{C08C0A7D-24B3-4667-B0F2-B42FDBA12040}.Release|Any CPU.Build.0 = Release|Any CPU
	EndGlobalSection
	GlobalSection(SolutionProperties) = preSolution
		HideSolutionNode = FALSE
	EndGlobalSection
	GlobalSection(ExtensibilityGlobals) = postSolution
		SolutionGuid = {6380A751-216E-42DA-849E-D4CB199C3E78}
	EndGlobalSection
EndGlobal
